{
  "version": 4,
  "terraform_version": "1.9.8",
  "serial": 18,
  "lineage": "601644f7-9c31-f0b6-97e8-a102fb69d9c3",
  "outputs": {},
  "resources": [
    {
      "mode": "data",
      "type": "aws_iam_role",
      "name": "eks-node-role",
      "provider": "provider[\"registry.terraform.io/hashicorp/aws\"]",
      "instances": [
        {
          "schema_version": 0,
          "attributes": {
            "arn": "arn:aws:iam::180294201352:role/eks-node-role",
            "assume_role_policy": "{\"Version\":\"2012-10-17\",\"Statement\":[{\"Effect\":\"Allow\",\"Principal\":{\"Service\":\"eks.amazonaws.com\"},\"Action\":\"sts:AssumeRole\"}]}",
            "create_date": "2024-11-25T20:11:03Z",
            "description": "Allows the cluster Kubernetes control plane to manage AWS resources on your behalf.",
            "id": "eks-node-role",
            "max_session_duration": 3600,
            "name": "eks-node-role",
            "path": "/",
            "permissions_boundary": "",
            "role_last_used": [
              {
                "last_used_date": "",
                "region": ""
              }
            ],
            "tags": {},
            "unique_id": "AROAST6S7GAEDIMVIXD6Y"
          },
          "sensitive_attributes": []
        }
      ]
    },
    {
      "mode": "data",
      "type": "aws_iam_role",
      "name": "eks-service-role",
      "provider": "provider[\"registry.terraform.io/hashicorp/aws\"]",
      "instances": [
        {
          "schema_version": 0,
          "attributes": {
            "arn": "arn:aws:iam::180294201352:role/eks-service-role",
            "assume_role_policy": "{\"Version\":\"2012-10-17\",\"Statement\":[{\"Effect\":\"Allow\",\"Principal\":{\"Service\":\"eks.amazonaws.com\"},\"Action\":\"sts:AssumeRole\"}]}",
            "create_date": "2024-11-25T17:55:59Z",
            "description": "Allows the cluster Kubernetes control plane to manage AWS resources on your behalf.",
            "id": "eks-service-role",
            "max_session_duration": 3600,
            "name": "eks-service-role",
            "path": "/",
            "permissions_boundary": "",
            "role_last_used": [
              {
                "last_used_date": "2024-12-02T16:28:06Z",
                "region": "us-east-1"
              }
            ],
            "tags": {},
            "unique_id": "AROAST6S7GAEBKMEOAGNI"
          },
          "sensitive_attributes": []
        }
      ]
    },
    {
      "mode": "data",
      "type": "aws_subnet",
      "name": "subnet",
      "provider": "provider[\"registry.terraform.io/hashicorp/aws\"]",
      "instances": [
        {
          "index_key": "subnet-03ad78a4e973dd0bb",
          "schema_version": 0,
          "attributes": {
            "arn": "arn:aws:ec2:us-east-1:180294201352:subnet/subnet-03ad78a4e973dd0bb",
            "assign_ipv6_address_on_creation": false,
            "availability_zone": "us-east-1c",
            "availability_zone_id": "use1-az2",
            "available_ip_address_count": 4091,
            "cidr_block": "172.31.80.0/20",
            "customer_owned_ipv4_pool": "",
            "default_for_az": true,
            "enable_dns64": false,
            "enable_lni_at_device_index": 0,
            "enable_resource_name_dns_a_record_on_launch": false,
            "enable_resource_name_dns_aaaa_record_on_launch": false,
            "filter": null,
            "id": "subnet-03ad78a4e973dd0bb",
            "ipv6_cidr_block": "",
            "ipv6_cidr_block_association_id": "",
            "ipv6_native": false,
            "map_customer_owned_ip_on_launch": false,
            "map_public_ip_on_launch": true,
            "outpost_arn": "",
            "owner_id": "180294201352",
            "private_dns_hostname_type_on_launch": "ip-name",
            "state": "available",
            "tags": {},
            "timeouts": null,
            "vpc_id": "vpc-0428a04ef84d4824a"
          },
          "sensitive_attributes": []
        },
        {
          "index_key": "subnet-0434a68e5241f5a63",
          "schema_version": 0,
          "attributes": {
            "arn": "arn:aws:ec2:us-east-1:180294201352:subnet/subnet-0434a68e5241f5a63",
            "assign_ipv6_address_on_creation": false,
            "availability_zone": "us-east-1d",
            "availability_zone_id": "use1-az4",
            "available_ip_address_count": 4091,
            "cidr_block": "172.31.16.0/20",
            "customer_owned_ipv4_pool": "",
            "default_for_az": true,
            "enable_dns64": false,
            "enable_lni_at_device_index": 0,
            "enable_resource_name_dns_a_record_on_launch": false,
            "enable_resource_name_dns_aaaa_record_on_launch": false,
            "filter": null,
            "id": "subnet-0434a68e5241f5a63",
            "ipv6_cidr_block": "",
            "ipv6_cidr_block_association_id": "",
            "ipv6_native": false,
            "map_customer_owned_ip_on_launch": false,
            "map_public_ip_on_launch": true,
            "outpost_arn": "",
            "owner_id": "180294201352",
            "private_dns_hostname_type_on_launch": "ip-name",
            "state": "available",
            "tags": {},
            "timeouts": null,
            "vpc_id": "vpc-0428a04ef84d4824a"
          },
          "sensitive_attributes": []
        },
        {
          "index_key": "subnet-06d594299e33575bf",
          "schema_version": 0,
          "attributes": {
            "arn": "arn:aws:ec2:us-east-1:180294201352:subnet/subnet-06d594299e33575bf",
            "assign_ipv6_address_on_creation": false,
            "availability_zone": "us-east-1a",
            "availability_zone_id": "use1-az6",
            "available_ip_address_count": 4091,
            "cidr_block": "172.31.32.0/20",
            "customer_owned_ipv4_pool": "",
            "default_for_az": true,
            "enable_dns64": false,
            "enable_lni_at_device_index": 0,
            "enable_resource_name_dns_a_record_on_launch": false,
            "enable_resource_name_dns_aaaa_record_on_launch": false,
            "filter": null,
            "id": "subnet-06d594299e33575bf",
            "ipv6_cidr_block": "",
            "ipv6_cidr_block_association_id": "",
            "ipv6_native": false,
            "map_customer_owned_ip_on_launch": false,
            "map_public_ip_on_launch": true,
            "outpost_arn": "",
            "owner_id": "180294201352",
            "private_dns_hostname_type_on_launch": "ip-name",
            "state": "available",
            "tags": {},
            "timeouts": null,
            "vpc_id": "vpc-0428a04ef84d4824a"
          },
          "sensitive_attributes": []
        },
        {
          "index_key": "subnet-0c781785656dd2647",
          "schema_version": 0,
          "attributes": {
            "arn": "arn:aws:ec2:us-east-1:180294201352:subnet/subnet-0c781785656dd2647",
            "assign_ipv6_address_on_creation": false,
            "availability_zone": "us-east-1e",
            "availability_zone_id": "use1-az3",
            "available_ip_address_count": 4091,
            "cidr_block": "172.31.48.0/20",
            "customer_owned_ipv4_pool": "",
            "default_for_az": true,
            "enable_dns64": false,
            "enable_lni_at_device_index": 0,
            "enable_resource_name_dns_a_record_on_launch": false,
            "enable_resource_name_dns_aaaa_record_on_launch": false,
            "filter": null,
            "id": "subnet-0c781785656dd2647",
            "ipv6_cidr_block": "",
            "ipv6_cidr_block_association_id": "",
            "ipv6_native": false,
            "map_customer_owned_ip_on_launch": false,
            "map_public_ip_on_launch": true,
            "outpost_arn": "",
            "owner_id": "180294201352",
            "private_dns_hostname_type_on_launch": "ip-name",
            "state": "available",
            "tags": {},
            "timeouts": null,
            "vpc_id": "vpc-0428a04ef84d4824a"
          },
          "sensitive_attributes": []
        },
        {
          "index_key": "subnet-0db6edf8993568d11",
          "schema_version": 0,
          "attributes": {
            "arn": "arn:aws:ec2:us-east-1:180294201352:subnet/subnet-0db6edf8993568d11",
            "assign_ipv6_address_on_creation": false,
            "availability_zone": "us-east-1f",
            "availability_zone_id": "use1-az5",
            "available_ip_address_count": 4091,
            "cidr_block": "172.31.64.0/20",
            "customer_owned_ipv4_pool": "",
            "default_for_az": true,
            "enable_dns64": false,
            "enable_lni_at_device_index": 0,
            "enable_resource_name_dns_a_record_on_launch": false,
            "enable_resource_name_dns_aaaa_record_on_launch": false,
            "filter": null,
            "id": "subnet-0db6edf8993568d11",
            "ipv6_cidr_block": "",
            "ipv6_cidr_block_association_id": "",
            "ipv6_native": false,
            "map_customer_owned_ip_on_launch": false,
            "map_public_ip_on_launch": true,
            "outpost_arn": "",
            "owner_id": "180294201352",
            "private_dns_hostname_type_on_launch": "ip-name",
            "state": "available",
            "tags": {},
            "timeouts": null,
            "vpc_id": "vpc-0428a04ef84d4824a"
          },
          "sensitive_attributes": []
        },
        {
          "index_key": "subnet-0f4d2433ddbe3302c",
          "schema_version": 0,
          "attributes": {
            "arn": "arn:aws:ec2:us-east-1:180294201352:subnet/subnet-0f4d2433ddbe3302c",
            "assign_ipv6_address_on_creation": false,
            "availability_zone": "us-east-1b",
            "availability_zone_id": "use1-az1",
            "available_ip_address_count": 4091,
            "cidr_block": "172.31.0.0/20",
            "customer_owned_ipv4_pool": "",
            "default_for_az": true,
            "enable_dns64": false,
            "enable_lni_at_device_index": 0,
            "enable_resource_name_dns_a_record_on_launch": false,
            "enable_resource_name_dns_aaaa_record_on_launch": false,
            "filter": null,
            "id": "subnet-0f4d2433ddbe3302c",
            "ipv6_cidr_block": "",
            "ipv6_cidr_block_association_id": "",
            "ipv6_native": false,
            "map_customer_owned_ip_on_launch": false,
            "map_public_ip_on_launch": true,
            "outpost_arn": "",
            "owner_id": "180294201352",
            "private_dns_hostname_type_on_launch": "ip-name",
            "state": "available",
            "tags": {},
            "timeouts": null,
            "vpc_id": "vpc-0428a04ef84d4824a"
          },
          "sensitive_attributes": []
        }
      ]
    },
    {
      "mode": "data",
      "type": "aws_subnets",
      "name": "subnets",
      "provider": "provider[\"registry.terraform.io/hashicorp/aws\"]",
      "instances": [
        {
          "schema_version": 0,
          "attributes": {
            "filter": [
              {
                "name": "vpc-id",
                "values": [
                  "vpc-0428a04ef84d4824a"
                ]
              }
            ],
            "id": "us-east-1",
            "ids": [
              "subnet-0434a68e5241f5a63",
              "subnet-0db6edf8993568d11",
              "subnet-03ad78a4e973dd0bb",
              "subnet-0c781785656dd2647",
              "subnet-06d594299e33575bf",
              "subnet-0f4d2433ddbe3302c"
            ],
            "tags": null,
            "timeouts": null
          },
          "sensitive_attributes": []
        }
      ]
    },
    {
      "mode": "data",
      "type": "aws_vpc",
      "name": "vpc",
      "provider": "provider[\"registry.terraform.io/hashicorp/aws\"]",
      "instances": [
        {
          "schema_version": 0,
          "attributes": {
            "arn": "arn:aws:ec2:us-east-1:180294201352:vpc/vpc-0428a04ef84d4824a",
            "cidr_block": "172.31.0.0/16",
            "cidr_block_associations": [
              {
                "association_id": "vpc-cidr-assoc-08a25af587b100ce2",
                "cidr_block": "172.31.0.0/16",
                "state": "associated"
              }
            ],
            "default": true,
            "dhcp_options_id": "dopt-01e91bc4ee657c4ad",
            "enable_dns_hostnames": true,
            "enable_dns_support": true,
            "enable_network_address_usage_metrics": false,
            "filter": null,
            "id": "vpc-0428a04ef84d4824a",
            "instance_tenancy": "default",
            "ipv6_association_id": "",
            "ipv6_cidr_block": "",
            "main_route_table_id": "rtb-07affcfc65c3a3b8e",
            "owner_id": "180294201352",
            "state": null,
            "tags": {},
            "timeouts": null
          },
          "sensitive_attributes": []
        }
      ]
    },
    {
      "mode": "managed",
      "type": "aws_eks_access_entry",
      "name": "access-entry",
      "provider": "provider[\"registry.terraform.io/hashicorp/aws\"]",
      "instances": [
        {
          "schema_version": 0,
          "attributes": {
            "access_entry_arn": "arn:aws:eks:us-east-1:180294201352:access-entry/EKS-fiap-tech-challenge/role/180294201352/eks-service-role/d8c9c706-df8a-ce90-bea2-220b1260abf9",
            "cluster_name": "EKS-fiap-tech-challenge",
            "created_at": "2024-12-03T19:44:45Z",
            "id": "EKS-fiap-tech-challenge:arn:aws:iam::180294201352:role/eks-service-role",
            "kubernetes_groups": [
              "fiap"
            ],
            "modified_at": "2024-12-03T19:44:45Z",
            "principal_arn": "arn:aws:iam::180294201352:role/eks-service-role",
            "tags": null,
            "tags_all": {},
            "timeouts": null,
            "type": "STANDARD",
            "user_name": "arn:aws:sts::180294201352:assumed-role/eks-service-role/{{SessionName}}"
          },
          "sensitive_attributes": [],
          "private": "eyJlMmJmYjczMC1lY2FhLTExZTYtOGY4OC0zNDM2M2JjN2M0YzAiOnsiY3JlYXRlIjo2MDAwMDAwMDAwMDAsImRlbGV0ZSI6NjAwMDAwMDAwMDAwfX0=",
          "dependencies": [
            "aws_eks_cluster.fiap_cluster",
            "aws_security_group.sg",
            "data.aws_iam_role.eks-service-role",
            "data.aws_subnet.subnet",
            "data.aws_subnets.subnets",
            "data.aws_vpc.vpc"
          ]
        }
      ]
    },
    {
      "mode": "managed",
      "type": "aws_eks_access_policy_association",
      "name": "eks-policy",
      "provider": "provider[\"registry.terraform.io/hashicorp/aws\"]",
      "instances": [
        {
          "schema_version": 0,
          "attributes": {
            "access_scope": [
              {
                "namespaces": null,
                "type": "cluster"
              }
            ],
            "associated_at": "2024-12-03 19:44:45.964 +0000 UTC",
            "cluster_name": "EKS-fiap-tech-challenge",
            "id": "EKS-fiap-tech-challenge#arn:aws:iam::180294201352:role/eks-service-role#arn:aws:eks::aws:cluster-access-policy/AmazonEKSClusterAdminPolicy",
            "modified_at": "2024-12-03 19:44:45.964 +0000 UTC",
            "policy_arn": "arn:aws:eks::aws:cluster-access-policy/AmazonEKSClusterAdminPolicy",
            "principal_arn": "arn:aws:iam::180294201352:role/eks-service-role",
            "timeouts": null
          },
          "sensitive_attributes": [],
          "private": "eyJlMmJmYjczMC1lY2FhLTExZTYtOGY4OC0zNDM2M2JjN2M0YzAiOnsiY3JlYXRlIjo2MDAwMDAwMDAwMDAsImRlbGV0ZSI6NjAwMDAwMDAwMDAwfX0=",
          "dependencies": [
            "aws_eks_cluster.fiap_cluster",
            "aws_security_group.sg",
            "data.aws_iam_role.eks-service-role",
            "data.aws_subnet.subnet",
            "data.aws_subnets.subnets",
            "data.aws_vpc.vpc"
          ]
        }
      ]
    },
    {
      "mode": "managed",
      "type": "aws_eks_cluster",
      "name": "fiap_cluster",
      "provider": "provider[\"registry.terraform.io/hashicorp/aws\"]",
      "instances": [
        {
          "schema_version": 1,
          "attributes": {
            "access_config": [
              {
                "authentication_mode": "API_AND_CONFIG_MAP",
                "bootstrap_cluster_creator_admin_permissions": false
              }
            ],
            "arn": "arn:aws:eks:us-east-1:180294201352:cluster/EKS-fiap-tech-challenge",
            "bootstrap_self_managed_addons": true,
            "certificate_authority": [
              {
                "data": "LS0tLS1CRUdJTiBDRVJUSUZJQ0FURS0tLS0tCk1JSURCVENDQWUyZ0F3SUJBZ0lJVyttdFQzYjZna0F3RFFZSktvWklodmNOQVFFTEJRQXdGVEVUTUJFR0ExVUUKQXhNS2EzVmlaWEp1WlhSbGN6QWVGdzB5TkRFeU1ETXhPVE0xTkRWYUZ3MHpOREV5TURFeE9UUXdORFZhTUJVeApFekFSQmdOVkJBTVRDbXQxWW1WeWJtVjBaWE13Z2dFaU1BMEdDU3FHU0liM0RRRUJBUVVBQTRJQkR3QXdnZ0VLCkFvSUJBUUNvZ0VmL3dibTNUSXJlRU5ENkNKcXVFL2RVUi9ScVc4bVc3c09pUjJoeHBpSVZaNUtlR1g1bFVEMTMKOFZPVC9VSTArYWJUMmRmeGhhVFZRdTdPbTVGYVJjTERHd0ZNR2VTUDM5NjZocDk1SURLNUVxWVhoYWg4cmR6TQpjRDJMczBoOE01MjlDRzNsWjhqSlpBL3Axb2QyWG02dlliVkQrRW5TM3V3eDRkVXBkQlBpRy9XVkRQNThnalk0CmNuRytYOE15aFNpdG9HTHhOYjNBU2tNeDVUbDE3dlh5eHZxM0cycFZVSWducld2czRzaVdWa3hDS0ZMZWxRYVgKRXovSVoyQ0tPQi96dzJsQkh0RDAzSm9tcXhBbGNUWEo1cjdCYmZIeElOeEcyNmpWSGZONEh2bCtRaDZEc2xUaAp5bDY4RTFab21hQ2dmSzB2OG5wQ2pYU0U2QjliQWdNQkFBR2pXVEJYTUE0R0ExVWREd0VCL3dRRUF3SUNwREFQCkJnTlZIUk1CQWY4RUJUQURBUUgvTUIwR0ExVWREZ1FXQkJRd3NkWWJ2eVVYM29SNkdzNE1qT3pPdk1jMXhqQVYKQmdOVkhSRUVEakFNZ2dwcmRXSmxjbTVsZEdWek1BMEdDU3FHU0liM0RRRUJDd1VBQTRJQkFRQ01nbE03VlhEMQpPaHBvOVRZWVh0NWpsUXNxNnYyVFRWTVlnN0dNaWw4aHMvWDhIdjlMajlpaXZCbjV3aGVrSzBySEFQM2M0REtyCm8yMHlIKzI1dW5rUzNPMDBrcE4zZkN0SUVTSERna2pVWWo4a01TSmR5ZHJtbmp5c0ZzemZiQUZxa0VCM2huM3oKM1Y4dTBRZ21zMjdualJDM1dlVmhNbVFMNkVLY2FyeHcxZG91dWtzNWR0UTBjQ2t5TG9IclpXVmZHWStQeTJVMgozano2SWo3U1ZMTmtzRnQydmtITzMzYkE1THJNdk40bGRTamRWV25GbEhxY2lQVG9wM1ZsZkxlZGhsTE1DVG1jCkNoaGRkdWJRdk90dTgxUzJYbHZFV3dDSFBHektFK1NKRG4yd1h6UU15ZEFybk91ZDN6RC9hSFU0UEpJd3gyTy8KbFdBWXlSZk54MWZNCi0tLS0tRU5EIENFUlRJRklDQVRFLS0tLS0K"
              }
            ],
            "cluster_id": null,
            "created_at": "2024-12-03T19:34:55Z",
            "enabled_cluster_log_types": null,
            "encryption_config": [],
            "endpoint": "https://8F72123D1E0BF19C7C406E9FEC58FDF0.gr7.us-east-1.eks.amazonaws.com",
            "id": "EKS-fiap-tech-challenge",
            "identity": [
              {
                "oidc": [
                  {
                    "issuer": "https://oidc.eks.us-east-1.amazonaws.com/id/8F72123D1E0BF19C7C406E9FEC58FDF0"
                  }
                ]
              }
            ],
            "kubernetes_network_config": [
              {
                "ip_family": "ipv4",
                "service_ipv4_cidr": "10.100.0.0/16",
                "service_ipv6_cidr": ""
              }
            ],
            "name": "EKS-fiap-tech-challenge",
            "outpost_config": [],
            "platform_version": "eks.12",
            "role_arn": "arn:aws:iam::180294201352:role/eks-service-role",
            "status": "ACTIVE",
            "tags": null,
            "tags_all": {},
            "timeouts": null,
            "upgrade_policy": [
              {
                "support_type": "EXTENDED"
              }
            ],
            "version": "1.31",
            "vpc_config": [
              {
                "cluster_security_group_id": "sg-0d01ba39168384398",
                "endpoint_private_access": false,
                "endpoint_public_access": true,
                "public_access_cidrs": [
                  "0.0.0.0/0"
                ],
                "security_group_ids": [
                  "sg-077c7ffa04a373a14"
                ],
                "subnet_ids": [
                  "subnet-03ad78a4e973dd0bb",
                  "subnet-0434a68e5241f5a63",
                  "subnet-06d594299e33575bf",
                  "subnet-0db6edf8993568d11",
                  "subnet-0f4d2433ddbe3302c"
                ],
                "vpc_id": "vpc-0428a04ef84d4824a"
              }
            ],
            "zonal_shift_config": []
          },
          "sensitive_attributes": [],
          "private": "eyJlMmJmYjczMC1lY2FhLTExZTYtOGY4OC0zNDM2M2JjN2M0YzAiOnsiY3JlYXRlIjoxODAwMDAwMDAwMDAwLCJkZWxldGUiOjkwMDAwMDAwMDAwMCwidXBkYXRlIjozNjAwMDAwMDAwMDAwfSwic2NoZW1hX3ZlcnNpb24iOiIxIn0=",
          "dependencies": [
            "aws_security_group.sg",
            "data.aws_iam_role.eks-service-role",
            "data.aws_subnet.subnet",
            "data.aws_subnets.subnets",
            "data.aws_vpc.vpc"
          ]
        }
      ]
    },
    {
      "mode": "managed",
      "type": "aws_security_group",
      "name": "sg",
      "provider": "provider[\"registry.terraform.io/hashicorp/aws\"]",
      "instances": [
        {
          "schema_version": 1,
          "attributes": {
            "arn": "arn:aws:ec2:us-east-1:180294201352:security-group/sg-077c7ffa04a373a14",
            "description": "Managed by Terraform",
            "egress": [
              {
                "cidr_blocks": [
                  "0.0.0.0/0"
                ],
                "description": "",
                "from_port": 0,
                "ipv6_cidr_blocks": [],
                "prefix_list_ids": [],
                "protocol": "-1",
                "security_groups": [],
                "self": false,
                "to_port": 0
              }
            ],
            "id": "sg-077c7ffa04a373a14",
            "ingress": [
              {
                "cidr_blocks": [
                  "0.0.0.0/0"
                ],
                "description": "HTTP",
                "from_port": 80,
                "ipv6_cidr_blocks": [],
                "prefix_list_ids": [],
                "protocol": "tcp",
                "security_groups": [],
                "self": false,
                "to_port": 80
              }
            ],
            "name": "SG-fiap-tech-challenge",
            "name_prefix": "",
            "owner_id": "180294201352",
            "revoke_rules_on_delete": false,
            "tags": null,
            "tags_all": {},
            "timeouts": null,
            "vpc_id": "vpc-0428a04ef84d4824a"
          },
          "sensitive_attributes": [],
          "private": "eyJlMmJmYjczMC1lY2FhLTExZTYtOGY4OC0zNDM2M2JjN2M0YzAiOnsiY3JlYXRlIjo2MDAwMDAwMDAwMDAsImRlbGV0ZSI6OTAwMDAwMDAwMDAwfSwic2NoZW1hX3ZlcnNpb24iOiIxIn0=",
          "dependencies": [
            "data.aws_vpc.vpc"
          ]
        }
      ]
    }
  ],
  "check_results": null
}
