{
  "version": 4,
  "terraform_version": "1.9.8",
  "serial": 9,
  "lineage": "601644f7-9c31-f0b6-97e8-a102fb69d9c3",
  "outputs": {},
  "resources": [
    {
      "mode": "managed",
      "type": "aws_eks_cluster",
      "name": "fiap_cluster",
      "provider": "provider[\"registry.terraform.io/hashicorp/aws\"]",
      "instances": [
        {
          "schema_version": 1,
          "attributes": {
            "access_config": [
              {
                "authentication_mode": "CONFIG_MAP",
                "bootstrap_cluster_creator_admin_permissions": true
              }
            ],
            "arn": "arn:aws:eks:us-east-1:180294201352:cluster/fiap-tech-challenge",
            "bootstrap_self_managed_addons": true,
            "certificate_authority": [
              {
                "data": "LS0tLS1CRUdJTiBDRVJUSUZJQ0FURS0tLS0tCk1JSURCVENDQWUyZ0F3SUJBZ0lJZk9mQTVWVzc2NWt3RFFZSktvWklodmNOQVFFTEJRQXdGVEVUTUJFR0ExVUUKQXhNS2EzVmlaWEp1WlhSbGN6QWVGdzB5TkRFeE1qVXhPVE0xTURkYUZ3MHpOREV4TWpNeE9UUXdNRGRhTUJVeApFekFSQmdOVkJBTVRDbXQxWW1WeWJtVjBaWE13Z2dFaU1BMEdDU3FHU0liM0RRRUJBUVVBQTRJQkR3QXdnZ0VLCkFvSUJBUURKN3RZdGxBd0xNd2lIUkFUZTVmNjlPRS9PZXNZODZjcC90NVVjNlJDZEdLVm9rbzVncHRUcnZ3UkgKWU1JRWhRRXQrdSt4U3RZY3Q0bVpKbmFwNFU5Qk51TVUvenVFVzlUTEl4VXlXdkdpcytEWnhxeUxPaFN0R2hSbQozYmsrVDAzUndvVUZHSE1RaER5Z3VFV0RibDZIcEg1QzVYdm0zdWxLbENLeElJd0tNbWxiUUZRUjA5VmZnaHNKClRnMzB1N3U4UCt5eStjVHBZM2tpcHl2MGxGZnczZVFxZHhjaW5YZ3FtaTNwRlM2WXdWZ0d2OXdzckRwSnV0VW4KR1ZyTzdTUFZ6MFJ1UTM5RTdwWjRzalA1MTc5ZjYyVTE4d1YwTWpYWkRhcTVsUWlMOWI3dkdzVlI0ZEx2a2duYgo0bEIxbjdndCtuOTlGSkRMTzJMVENPdkREcko1QWdNQkFBR2pXVEJYTUE0R0ExVWREd0VCL3dRRUF3SUNwREFQCkJnTlZIUk1CQWY4RUJUQURBUUgvTUIwR0ExVWREZ1FXQkJSZExoN1o5ajVqbDBLR001K3p6dDRxTG1jS1lqQVYKQmdOVkhSRUVEakFNZ2dwcmRXSmxjbTVsZEdWek1BMEdDU3FHU0liM0RRRUJDd1VBQTRJQkFRQXZtT0lyaFAwegpPQ2o0TFpMcjdCSTZrNCsxZjZsRitzcmV2Z0FGQnJCMmtmTDM5d04zWXlaa1pPZjAySEVGZHVscVJILzVVS2pQCnBMRDhOUHUrUzAwb1RnQWFpdVdGOG9hV1ZzWnB3anRIMDVZcE9TT3NseEh4RWlNaHFxVUxsc0xROTU3MUY2dWkKUCt4Vll4eHFienhBU3FoUWp0eXhLdGFlSTJ6Nk1mL2FDSkZFZ2N5d0Q4cnZEMnRqSVpYcEhhZ2xpZ05NVEhTRApUOVpNQmFwUlJtN3VUM3dhRGNUQ01OWThJSDZVbkUwMno5SE90SlpRcjMwU1ZlMzJ3M0lVRGRPTVg4NzlMNFYwClJnUmNzWWZ6N240dXptQjkyNlM5a21LR3orVWRMRXJ6cXdqcUQ4YUV0b2pEeUFXc1JWS0VEVHJZTGx5QmJWRFUKSk5wc2RIYlcxQ3M2Ci0tLS0tRU5EIENFUlRJRklDQVRFLS0tLS0K"
              }
            ],
            "cluster_id": null,
            "created_at": "2024-11-25T19:35:13Z",
            "enabled_cluster_log_types": [],
            "encryption_config": [],
            "endpoint": "https://B32924F6AAAB6A23ACFE5BC868026488.gr7.us-east-1.eks.amazonaws.com",
            "id": "fiap-tech-challenge",
            "identity": [
              {
                "oidc": [
                  {
                    "issuer": "https://oidc.eks.us-east-1.amazonaws.com/id/B32924F6AAAB6A23ACFE5BC868026488"
                  }
                ]
              }
            ],
            "kubernetes_network_config": [
              {
                "ip_family": "ipv4",
                "service_ipv4_cidr": "172.20.0.0/16",
                "service_ipv6_cidr": ""
              }
            ],
            "name": "fiap-tech-challenge",
            "outpost_config": [],
            "platform_version": "eks.12",
            "role_arn": "arn:aws:iam::180294201352:role/eks-service-role",
            "status": "ACTIVE",
            "tags": {},
            "tags_all": {},
            "timeouts": null,
            "upgrade_policy": [
              {
                "support_type": "EXTENDED"
              }
            ],
            "version": "1.31",
            "vpc_config": [
              {
                "cluster_security_group_id": "sg-04a820a55408264f8",
                "endpoint_private_access": false,
                "endpoint_public_access": true,
                "public_access_cidrs": [
                  "0.0.0.0/0"
                ],
                "security_group_ids": [
                  "sg-04a820a55408264f8"
                ],
                "subnet_ids": [
                  "subnet-008a55aa4bae0111c",
                  "subnet-091eb123668306de5"
                ],
                "vpc_id": "vpc-083576dd4213a01a6"
              }
            ],
            "zonal_shift_config": []
          },
          "sensitive_attributes": [],
          "private": "eyJlMmJmYjczMC1lY2FhLTExZTYtOGY4OC0zNDM2M2JjN2M0YzAiOnsiY3JlYXRlIjoxODAwMDAwMDAwMDAwLCJkZWxldGUiOjkwMDAwMDAwMDAwMCwidXBkYXRlIjozNjAwMDAwMDAwMDAwfSwic2NoZW1hX3ZlcnNpb24iOiIxIn0="
        }
      ]
    }
  ],
  "check_results": null
}
